
Microsoft Visual Studio Solution File, Format Version 12.00
# Visual Studio Version 16
VisualStudioVersion = 16.0.30907.101
MinimumVisualStudioVersion = 10.0.40219.1
Project("{FAE04EC0-301F-11D3-BF4B-00C04F79EFBC}") = "EFDemoWeb", "EFDemoWeb\EFDemoWeb.csproj", "{A6BC81D4-22A5-42A5-9CFB-56E20BB5358E}"
EndProject
Global
	GlobalSection(SolutionConfigurationPlatforms) = preSolution
		Debug|Any CPU = Debug|Any CPU
		Release|Any CPU = Release|Any CPU
	EndGlobalSection
	GlobalSection(ProjectConfigurationPlatforms) = postSolution
		{A6BC81D4-22A5-42A5-9CFB-56E20BB5358E}.Debug|Any CPU.ActiveCfg = Debug|Any CPU
		{A6BC81D4-22A5-42A5-9CFB-56E20BB5358E}.Debug|Any CPU.Build.0 = Debug|Any CPU
		{A6BC81D4-22A5-42A5-9CFB-56E20BB5358E}.Release|Any CPU.ActiveCfg = Release|Any CPU
		{A6BC81D4-22A5-42A5-9CFB-56E20BB5358E}.Release|Any CPU.Build.0 = Release|Any CPU
	EndGlobalSection
	GlobalSection(SolutionProperties) = preSolution
		HideSolutionNode = FALSE
	EndGlobalSection
	GlobalSection(ExtensibilityGlobals) = postSolution
		SolutionGuid = {E8E54329-75D8-49BF-A5E4-ECA017DEB038}
	EndGlobalSection
EndGlobal
